
Microsoft Visual Studio Solution File, Format Version 12.00
# Visual Studio 15
VisualStudioVersion = 15.0.28307.1209
MinimumVisualStudioVersion = 10.0.40219.1
Project("{FAE04EC0-301F-11D3-BF4B-00C04F79EFBC}") = "IWERDataCollector", "IWERDataCollector\IWERDataCollector.csproj", "{94739D97-7884-4863-AB27-FFBB30D677CC}"
EndProject
Project("{2150E333-8FDC-42A3-9474-1A3956D46DE8}") = "Solution Items", "Solution Items", "{4BF543F4-AAAA-4A9D-8E34-6C820FC874BF}"
	ProjectSection(SolutionItems) = preProject
		IWER\ER-Stat.xlsx = IWER\ER-Stat.xlsx
		README.md = README.md
	EndProjectSection
EndProject
Global
	GlobalSection(SolutionConfigurationPlatforms) = preSolution
		Debug|Any CPU = Debug|Any CPU
		Release|Any CPU = Release|Any CPU
	EndGlobalSection
	GlobalSection(ProjectConfigurationPlatforms) = postSolution
		{94739D97-7884-4863-AB27-FFBB30D677CC}.Debug|Any CPU.ActiveCfg = Debug|Any CPU
		{94739D97-7884-4863-AB27-FFBB30D677CC}.Debug|Any CPU.Build.0 = Debug|Any CPU
		{94739D97-7884-4863-AB27-FFBB30D677CC}.Release|Any CPU.ActiveCfg = Release|Any CPU
		{94739D97-7884-4863-AB27-FFBB30D677CC}.Release|Any CPU.Build.0 = Release|Any CPU
	EndGlobalSection
	GlobalSection(SolutionProperties) = preSolution
		HideSolutionNode = FALSE
	EndGlobalSection
	GlobalSection(ExtensibilityGlobals) = postSolution
		SolutionGuid = {885F9998-122B-4FA7-9866-F8BE4BAE6F95}
	EndGlobalSection
EndGlobal
